{
  "name": "alipay",
  "lockfileVersion": 3,
  "requires": true,
  "packages": {
    "": {
      "hasInstallScript": true,
      "dependencies": {
        "@ant-design/x-markdown-mini": "0.1.0-beta.9",
        "mini-html-parser2": "^0.3.0",
        "mp-html": "^2.5.2",
        "towxml": "^3.0.6"
      },
      "devDependencies": {
        "@mini-types/alipay": "^3"
      }
    },
    "node_modules/@ant-design/x-markdown-mini": {
      "version": "0.1.0-beta.9",
      "resolved": "https://registry.npmjs.org/@ant-design/x-markdown-mini/-/x-markdown-mini-0.1.0-beta.9.tgz",
      "integrity": "sha512-AovxqcaQaA51/J86UO2JJK9dmszgt2DXIOg66etGlhviXJvqSXckHAruMSiEprjOq2B7Sr+Fc9f0yFBADRlZNA==",
      "license": "MIT",
      "engines": {
        "node": ">=18"
      }
    },
    "node_modules/@mini-types/alipay": {
      "version": "3.0.14",
      "resolved": "https://registry.npmjs.org/@mini-types/alipay/-/alipay-3.0.14.tgz",
      "integrity": "sha512-FakzSsKvybtWlEIVTIRlr89kuQFn+XY86Ho9VUFFaKLplhW6Wx8FUxTDE7IzV7B9rT8DP/Icy637vUHlXPsw1g==",
      "dev": true,
      "license": "MIT",
      "dependencies": {
        "@mini-types/global": "3.0.14",
        "@mini-types/my": "3.0.14"
      }
    },
    "node_modules/@mini-types/global": {
      "version": "3.0.14",
      "resolved": "https://registry.npmjs.org/@mini-types/global/-/global-3.0.14.tgz",
      "integrity": "sha512-St2ucFRfKRskposOqV/9iNJTKn1MbyqDypQiy/0DaVJjEm2MFi82RJjX9sBz1uWhQIqzu741PgTjGSy7L/Qj9g==",
      "dev": true,
      "license": "MIT"
    },
    "node_modules/@mini-types/my": {
      "version": "3.0.14",
      "resolved": "https://registry.npmjs.org/@mini-types/my/-/my-3.0.14.tgz",
      "integrity": "sha512-aEgmM+rbEvEzTvqltCFRAg/h6KKs14M1y+FrOkz+hn2EyNpOVPesUzTjbRhSiFFsE3WdfBh54lHNYBahAmHq7w==",
      "dev": true,
      "license": "MIT"
    },
    "node_modules/domelementtype": {
      "version": "1.3.1",
      "resolved": "https://registry.npmjs.org/domelementtype/-/domelementtype-1.3.1.tgz",
      "integrity": "sha512-BSKB+TSpMpFI/HOxCNr1O8aMOTZ8hT3pM3GQ0w/mWRmkhEDSFJkkyzz4XQsBV44BChwGkrDfMyjVD0eA2aFV3w==",
      "license": "BSD-2-Clause"
    },
    "node_modules/domhandler": {
      "version": "2.4.2",
      "resolved": "https://registry.npmjs.org/domhandler/-/domhandler-2.4.2.tgz",
      "integrity": "sha512-JiK04h0Ht5u/80fdLMCEmV4zkNh2BcoMFBmZ/91WtYZ8qVXSKjiw7fXMgFPnHcSZgOo3XdinHvmnDUeMf5R4wA==",
      "license": "BSD-2-Clause",
      "dependencies": {
        "domelementtype": "1"
      }
    },
    "node_modules/entities": {
      "version": "1.1.2",
      "resolved": "https://registry.npmjs.org/entities/-/entities-1.1.2.tgz",
      "integrity": "sha512-f2LZMYl1Fzu7YSBKg+RoROelpOaNrcGmE9AZubeDfrCEia483oW4MI4VyFd5VNHIgQ/7qm1I0wUHK1eJnn2y2w==",
      "license": "BSD-2-Clause"
    },
    "node_modules/events": {
      "version": "3.3.0",
      "resolved": "https://registry.npmjs.org/events/-/events-3.3.0.tgz",
      "integrity": "sha512-mQw+2fkQbALzQ7V0MY0IqdnXNOeTtP4r0lN9z7AAawCXgqea7bDii20AYrIBrFd/Hx0M2Ocz6S111CaFkUcb0Q==",
      "license": "MIT",
      "engines": {
        "node": ">=0.8.x"
      }
    },
    "node_modules/fs-extra": {
      "version": "8.1.0",
      "resolved": "https://registry.npmjs.org/fs-extra/-/fs-extra-8.1.0.tgz",
      "integrity": "sha512-yhlQgA6mnOJUKOsRUFsgJdQCvkKhcz8tlZG5HBQfReYZy46OwLcY+Zia0mtdHsOo9y/hP+CxMN0TU9QxoOtG4g==",
      "license": "MIT",
      "dependencies": {
        "graceful-fs": "^4.2.0",
        "jsonfile": "^4.0.0",
        "universalify": "^0.1.0"
      },
      "engines": {
        "node": ">=6 <7 || >=8"
      }
    },
    "node_modules/graceful-fs": {
      "version": "4.2.11",
      "resolved": "https://registry.npmjs.org/graceful-fs/-/graceful-fs-4.2.11.tgz",
      "integrity": "sha512-RbJ5/jmFcNNCcDV5o9eTnBLJ/HszWV0P73bc+Ff4nS/rJj+YaS6IGyiOL0VoBYX+l1Wrl3k63h/KrH+nhJ0XvQ==",
      "license": "ISC"
    },
    "node_modules/jsonfile": {
      "version": "4.0.0",
      "resolved": "https://registry.npmjs.org/jsonfile/-/jsonfile-4.0.0.tgz",
      "integrity": "sha512-m6F1R3z8jjlf2imQHS2Qez5sjKWQzbuuhuJ/FKYFRZvPE3PuHcSMVZzfsLhGVOkfd20obL5SWEBew5ShlquNxg==",
      "license": "MIT",
      "optionalDependencies": {
        "graceful-fs": "^4.1.6"
      }
    },
    "node_modules/mini-html-parser2": {
      "version": "0.3.0",
      "resolved": "https://registry.npmjs.org/mini-html-parser2/-/mini-html-parser2-0.3.0.tgz",
      "integrity": "sha512-W4x1MCmtlnAH5M9qQ1WbRn+hTvv7bdrJx4VI+6SD0MUZatW/6K7v213Aidx7VDQmSKoRv+iAn5TswJnesOs71Q==",
      "dependencies": {
        "domhandler": "^2.4.2",
        "entities": "^1.1.1",
        "events": "^3.0.0"
      }
    },
    "node_modules/mp-html": {
      "version": "2.5.2",
      "resolved": "https://registry.npmjs.org/mp-html/-/mp-html-2.5.2.tgz",
      "integrity": "sha512-45e8c32Qgux4YU4iC3qCSFsOh3y+RwPwZ+iz/vvLkDgSGWk+1zsL4WUzWWQc9w3AsAfkaD/QR0oIufIDngBmXA==",
      "license": "MIT"
    },
    "node_modules/towxml": {
      "version": "3.0.6",
      "resolved": "https://registry.npmjs.org/towxml/-/towxml-3.0.6.tgz",
      "integrity": "sha512-AiEEyTYemk3xLlypfihR+vr/slyjvQZvZbGGXQdRklwYY8dbDEGUDopFwAtfW7tVkOc09rfZ7yu040vjJU84cw==",
      "license": "MIT",
      "dependencies": {
        "fs-extra": "^8.1.0"
      }
    },
    "node_modules/universalify": {
      "version": "0.1.2",
      "resolved": "https://registry.npmjs.org/universalify/-/universalify-0.1.2.tgz",
      "integrity": "sha512-rBJeI5CXAlmy1pV+617WB9J63U6XcazHHF2f2dbJix4XzpUF0RS3Zbj0FGIOCAva5P/d/GBOYaACQ1w+0azUkg==",
      "license": "MIT",
      "engines": {
        "node": ">= 4.0.0"
      }
    }
  }
}
