{
  "name": "x-markdown-mini-wechat-demo",
  "version": "0.0.0",
  "lockfileVersion": 3,
  "requires": true,
  "packages": {
    "": {
      "name": "x-markdown-mini-wechat-demo",
      "version": "0.0.0",
      "dependencies": {
        "@ant-design/x-markdown-mini": "0.1.0-beta.3"
      }
    },
    "node_modules/@ant-design/x-markdown-mini": {
      "version": "0.1.0-beta.3",
      "resolved": "https://registry.npmjs.org/@ant-design/x-markdown-mini/-/x-markdown-mini-0.1.0-beta.3.tgz",
      "integrity": "sha512-L0TZVIvOsspwFQQ+wfqyD1Xb6bWPetCzRJlatrYD+WRWQRX3uQdmljFCVBxkwA9byQ50JMjuR6GwQZirHXSEPw==",
      "license": "MIT",
      "engines": {
        "node": ">=18"
      }
    }
  }
}
