{
  "name": "x-markdown-mini-wechat-demo",
  "version": "0.0.0",
  "lockfileVersion": 3,
  "requires": true,
  "packages": {
    "": {
      "name": "x-markdown-mini-wechat-demo",
      "version": "0.0.0",
      "dependencies": {
        "@ant-design/x-markdown-mini": "file:../.."
      }
    },
    "../..": {
      "name": "@ant-design/x-markdown-mini",
      "version": "0.1.0-beta.7",
      "license": "MIT",
      "devDependencies": {
        "@vitest/coverage-v8": "^2.1.0",
        "es-check": "^7.2.1",
        "highlight.js": "^11.11.0",
        "katex": "^0.16.11",
        "markdown-it": "^14.1.0",
        "marked": "^18.0.3",
        "mp-html": "^2.5.2",
        "remark": "^15.0.1",
        "remend": "^1.3.0",
        "tinybench": "^3.0.0",
        "towxml": "^3.0.6",
        "tsup": "^8.3.0",
        "tsx": "^4.19.0",
        "typescript": "^5.6.0",
        "vitest": "^2.1.0"
      },
      "engines": {
        "node": ">=18"
      }
    },
    "node_modules/@ant-design/x-markdown-mini": {
      "resolved": "../..",
      "link": true
    }
  }
}
