{
  "name": "x-markdown-mini-wechat-demo",
  "version": "0.0.0",
  "lockfileVersion": 3,
  "requires": true,
  "packages": {
    "": {
      "name": "x-markdown-mini-wechat-demo",
      "version": "0.0.0",
      "dependencies": {
        "@ant-design/x-markdown-mini": "0.1.0-beta.6"
      }
    },
    "node_modules/@ant-design/x-markdown-mini": {
      "version": "0.1.0-beta.6",
      "resolved": "https://registry.npmjs.org/@ant-design/x-markdown-mini/-/x-markdown-mini-0.1.0-beta.6.tgz",
      "integrity": "sha512-+mAIeyUR3Uig/IjKk+KtO5VevlofN2l9QIqdwKblOoY7MFPjJq1JV90f4P+YBWAy3rBG6IQC8PyhHH3MPvOGrg==",
      "license": "MIT",
      "engines": {
        "node": ">=18"
      }
    }
  }
}
